Microsoft Visual Studio Solution File, Format Version 12.00
# Visual Studio 2012
Project("{FAE04EC0-301F-11D3-BF4B-00C04F79EFBC}") = "Isoland 2 Csharp", "Isoland 2 Csharp.csproj", "{BDBCB4E8-7F60-4263-9898-19B10BDAA63D}"
EndProject
Global
	GlobalSection(SolutionConfigurationPlatforms) = preSolution
	Debug|Any CPU = Debug|Any CPU
	ExportDebug|Any CPU = ExportDebug|Any CPU
	ExportRelease|Any CPU = ExportRelease|Any CPU
	EndGlobalSection
	GlobalSection(ProjectConfigurationPlatforms) = postSolution
		{BDBCB4E8-7F60-4263-9898-19B10BDAA63D}.Debug|Any CPU.ActiveCfg = Debug|Any CPU
		{BDBCB4E8-7F60-4263-9898-19B10BDAA63D}.Debug|Any CPU.Build.0 = Debug|Any CPU
		{BDBCB4E8-7F60-4263-9898-19B10BDAA63D}.ExportDebug|Any CPU.ActiveCfg = ExportDebug|Any CPU
		{BDBCB4E8-7F60-4263-9898-19B10BDAA63D}.ExportDebug|Any CPU.Build.0 = ExportDebug|Any CPU
		{BDBCB4E8-7F60-4263-9898-19B10BDAA63D}.ExportRelease|Any CPU.ActiveCfg = ExportRelease|Any CPU
		{BDBCB4E8-7F60-4263-9898-19B10BDAA63D}.ExportRelease|Any CPU.Build.0 = ExportRelease|Any CPU
	EndGlobalSection
EndGlobal
